// !$*UTF8*$!
{
	archiveVersion = 1;
	classes = {
	};
	objectVersion = 56;
	objects = {

/* Begin PBXBuildFile section */
		B16E1AC72C176D9000C3DD5F /* AnnotationListView.swift in Sources */ = {isa = PBXBuildFile; fileRef = B16E1AC62C176D9000C3DD5F /* AnnotationListView.swift */; };
		B16E1AC92C177EA200C3DD5F /* AnnotationMapView.swift in Sources */ = {isa = PBXBuildFile; fileRef = B16E1AC82C177EA200C3DD5F /* AnnotationMapView.swift */; };
		B18163E52BF3D73F00290A1F /* GoogleService-Info.plist in Resources */ = {isa = PBXBuildFile; fileRef = B18163E42BF3D73F00290A1F /* GoogleService-Info.plist */; };
		B18163E82BF3D85200290A1F /* FirebaseAnalytics in Frameworks */ = {isa = PBXBuildFile; productRef = B18163E72BF3D85200290A1F /* FirebaseAnalytics */; };
		B18163EA2BF3D85200290A1F /* FirebaseAuth in Frameworks */ = {isa = PBXBuildFile; productRef = B18163E92BF3D85200290A1F /* FirebaseAuth */; };
		B18163EC2BF3D85200290A1F /* FirebaseFirestore in Frameworks */ = {isa = PBXBuildFile; productRef = B18163EB2BF3D85200290A1F /* FirebaseFirestore */; };
		B18163EE2BF3D85200290A1F /* FirebaseStorage in Frameworks */ = {isa = PBXBuildFile; productRef = B18163ED2BF3D85200290A1F /* FirebaseStorage */; };
		B18163F02BF3D8DB00290A1F /* ContributorModel.swift in Sources */ = {isa = PBXBuildFile; fileRef = B18163EF2BF3D8DB00290A1F /* ContributorModel.swift */; };
		B18163F82BF4320400290A1F /* PhotoGroupboxStyle.swift in Sources */ = {isa = PBXBuildFile; fileRef = B18163F72BF4320400290A1F /* PhotoGroupboxStyle.swift */; };
		B18164042BF5868A00290A1F /* PetModel.swift in Sources */ = {isa = PBXBuildFile; fileRef = B18164032BF5868A00290A1F /* PetModel.swift */; };
		B18164062BF586AF00290A1F /* PetView.swift in Sources */ = {isa = PBXBuildFile; fileRef = B18164052BF586AF00290A1F /* PetView.swift */; };
		B18164082BF586C400290A1F /* PetViewModel.swift in Sources */ = {isa = PBXBuildFile; fileRef = B18164072BF586C400290A1F /* PetViewModel.swift */; };
		B181640B2BF58B1600290A1F /* ListPetsView.swift in Sources */ = {isa = PBXBuildFile; fileRef = B181640A2BF58B1600290A1F /* ListPetsView.swift */; };
		B181640D2BF58B2F00290A1F /* ShowPetView.swift in Sources */ = {isa = PBXBuildFile; fileRef = B181640C2BF58B2F00290A1F /* ShowPetView.swift */; };
		B181640F2BF590DF00290A1F /* CreatePetView.swift in Sources */ = {isa = PBXBuildFile; fileRef = B181640E2BF590DF00290A1F /* CreatePetView.swift */; };
		B18164112BF598C800290A1F /* ContributorViewModel.swift in Sources */ = {isa = PBXBuildFile; fileRef = B18164102BF598C800290A1F /* ContributorViewModel.swift */; };
		B18164152BF5AF8600290A1F /* AsyncImageHelper.swift in Sources */ = {isa = PBXBuildFile; fileRef = B18164142BF5AF8600290A1F /* AsyncImageHelper.swift */; };
		B18164172BF5AF9C00290A1F /* ImageUploader.swift in Sources */ = {isa = PBXBuildFile; fileRef = B18164162BF5AF9C00290A1F /* ImageUploader.swift */; };
		B18164192BF5AFB800290A1F /* ImagePicker.swift in Sources */ = {isa = PBXBuildFile; fileRef = B18164182BF5AFB800290A1F /* ImagePicker.swift */; };
		B181641D2BF5B19900290A1F /* LoginView.swift in Sources */ = {isa = PBXBuildFile; fileRef = B181641C2BF5B19900290A1F /* LoginView.swift */; };
		B181641F2BF5B1AC00290A1F /* RegisterView.swift in Sources */ = {isa = PBXBuildFile; fileRef = B181641E2BF5B1AC00290A1F /* RegisterView.swift */; };
		B18164232BF5B3C000290A1F /* UserAuthViewModel.swift in Sources */ = {isa = PBXBuildFile; fileRef = B18164222BF5B3C000290A1F /* UserAuthViewModel.swift */; };
		B18164252BF6DA1900290A1F /* UserAuthModel.swift in Sources */ = {isa = PBXBuildFile; fileRef = B18164242BF6DA1900290A1F /* UserAuthModel.swift */; };
		B18164292BF793DC00290A1F /* ImageStoreViewModel.swift in Sources */ = {isa = PBXBuildFile; fileRef = B18164282BF793DC00290A1F /* ImageStoreViewModel.swift */; };
		B181642B2BF798E000290A1F /* ImageStoreModel.swift in Sources */ = {isa = PBXBuildFile; fileRef = B181642A2BF798E000290A1F /* ImageStoreModel.swift */; };
		B181642D2BFC3C1700290A1F /* CreateContributorView.swift in Sources */ = {isa = PBXBuildFile; fileRef = B181642C2BFC3C1700290A1F /* CreateContributorView.swift */; };
		B195D7362C112E2F003D2D34 /* Style.swift in Sources */ = {isa = PBXBuildFile; fileRef = B195D7352C112E2F003D2D34 /* Style.swift */; };
		B1CCC9842BE97EF2009565B4 /* lengendary_potatoApp.swift in Sources */ = {isa = PBXBuildFile; fileRef = B1CCC9832BE97EF2009565B4 /* lengendary_potatoApp.swift */; };
		B1CCC9862BE97EF2009565B4 /* ContentView.swift in Sources */ = {isa = PBXBuildFile; fileRef = B1CCC9852BE97EF2009565B4 /* ContentView.swift */; };
		B1CCC9882BE97EF3009565B4 /* Assets.xcassets in Resources */ = {isa = PBXBuildFile; fileRef = B1CCC9872BE97EF3009565B4 /* Assets.xcassets */; };
		B1CCC98B2BE97EF3009565B4 /* Preview Assets.xcassets in Resources */ = {isa = PBXBuildFile; fileRef = B1CCC98A2BE97EF3009565B4 /* Preview Assets.xcassets */; };
		B1E17DCA2BFEFDA9001E4E58 /* ProfileContributorView.swift in Sources */ = {isa = PBXBuildFile; fileRef = B1E17DC92BFEFDA9001E4E58 /* ProfileContributorView.swift */; };
		B1E5CDAD2C0667A4003EBFC5 /* LocationManager.swift in Sources */ = {isa = PBXBuildFile; fileRef = B1E5CDAC2C0667A4003EBFC5 /* LocationManager.swift */; };
		B1E5CDAF2C06934D003EBFC5 /* AnnotationCreateView.swift in Sources */ = {isa = PBXBuildFile; fileRef = B1E5CDAE2C06934D003EBFC5 /* AnnotationCreateView.swift */; };
		B1E5CDB12C0693A1003EBFC5 /* AnnotationViewModel.swift in Sources */ = {isa = PBXBuildFile; fileRef = B1E5CDB02C0693A1003EBFC5 /* AnnotationViewModel.swift */; };
/* End PBXBuildFile section */

/* Begin PBXFileReference section */
		B14F53A52C06C3E000A39CCA /* Info.plist */ = {isa = PBXFileReference; lastKnownFileType = text.plist; path = Info.plist; sourceTree = "<group>"; };
		B16E1AC62C176D9000C3DD5F /* AnnotationListView.swift */ = {isa = PBXFileReference; lastKnownFileType = sourcecode.swift; path = AnnotationListView.swift; sourceTree = "<group>"; };
		B16E1AC82C177EA200C3DD5F /* AnnotationMapView.swift */ = {isa = PBXFileReference; lastKnownFileType = sourcecode.swift; path = AnnotationMapView.swift; sourceTree = "<group>"; };
		B18163E42BF3D73F00290A1F /* GoogleService-Info.plist */ = {isa = PBXFileReference; fileEncoding = 4; lastKnownFileType = text.plist.xml; path = "GoogleService-Info.plist"; sourceTree = "<group>"; };
		B18163EF2BF3D8DB00290A1F /* ContributorModel.swift */ = {isa = PBXFileReference; lastKnownFileType = sourcecode.swift; path = ContributorModel.swift; sourceTree = "<group>"; };
		B18163F72BF4320400290A1F /* PhotoGroupboxStyle.swift */ = {isa = PBXFileReference; lastKnownFileType = sourcecode.swift; path = PhotoGroupboxStyle.swift; sourceTree = "<group>"; };
		B18164032BF5868A00290A1F /* PetModel.swift */ = {isa = PBXFileReference; lastKnownFileType = sourcecode.swift; path = PetModel.swift; sourceTree = "<group>"; };
		B18164052BF586AF00290A1F /* PetView.swift */ = {isa = PBXFileReference; lastKnownFileType = sourcecode.swift; path = PetView.swift; sourceTree = "<group>"; };
		B18164072BF586C400290A1F /* PetViewModel.swift */ = {isa = PBXFileReference; lastKnownFileType = sourcecode.swift; path = PetViewModel.swift; sourceTree = "<group>"; };
		B181640A2BF58B1600290A1F /* ListPetsView.swift */ = {isa = PBXFileReference; lastKnownFileType = sourcecode.swift; path = ListPetsView.swift; sourceTree = "<group>"; };
		B181640C2BF58B2F00290A1F /* ShowPetView.swift */ = {isa = PBXFileReference; lastKnownFileType = sourcecode.swift; path = ShowPetView.swift; sourceTree = "<group>"; };
		B181640E2BF590DF00290A1F /* CreatePetView.swift */ = {isa = PBXFileReference; lastKnownFileType = sourcecode.swift; path = CreatePetView.swift; sourceTree = "<group>"; };
		B18164102BF598C800290A1F /* ContributorViewModel.swift */ = {isa = PBXFileReference; lastKnownFileType = sourcecode.swift; path = ContributorViewModel.swift; sourceTree = "<group>"; };
		B18164142BF5AF8600290A1F /* AsyncImageHelper.swift */ = {isa = PBXFileReference; lastKnownFileType = sourcecode.swift; path = AsyncImageHelper.swift; sourceTree = "<group>"; };
		B18164162BF5AF9C00290A1F /* ImageUploader.swift */ = {isa = PBXFileReference; lastKnownFileType = sourcecode.swift; path = ImageUploader.swift; sourceTree = "<group>"; };
		B18164182BF5AFB800290A1F /* ImagePicker.swift */ = {isa = PBXFileReference; lastKnownFileType = sourcecode.swift; path = ImagePicker.swift; sourceTree = "<group>"; };
		B181641C2BF5B19900290A1F /* LoginView.swift */ = {isa = PBXFileReference; lastKnownFileType = sourcecode.swift; path = LoginView.swift; sourceTree = "<group>"; };
		B181641E2BF5B1AC00290A1F /* RegisterView.swift */ = {isa = PBXFileReference; lastKnownFileType = sourcecode.swift; path = RegisterView.swift; sourceTree = "<group>"; };
		B18164222BF5B3C000290A1F /* UserAuthViewModel.swift */ = {isa = PBXFileReference; lastKnownFileType = sourcecode.swift; path = UserAuthViewModel.swift; sourceTree = "<group>"; };
		B18164242BF6DA1900290A1F /* UserAuthModel.swift */ = {isa = PBXFileReference; lastKnownFileType = sourcecode.swift; path = UserAuthModel.swift; sourceTree = "<group>"; };
		B18164282BF793DC00290A1F /* ImageStoreViewModel.swift */ = {isa = PBXFileReference; lastKnownFileType = sourcecode.swift; path = ImageStoreViewModel.swift; sourceTree = "<group>"; };
		B181642A2BF798E000290A1F /* ImageStoreModel.swift */ = {isa = PBXFileReference; lastKnownFileType = sourcecode.swift; path = ImageStoreModel.swift; sourceTree = "<group>"; };
		B181642C2BFC3C1700290A1F /* CreateContributorView.swift */ = {isa = PBXFileReference; lastKnownFileType = sourcecode.swift; path = CreateContributorView.swift; sourceTree = "<group>"; };
		B195D7352C112E2F003D2D34 /* Style.swift */ = {isa = PBXFileReference; lastKnownFileType = sourcecode.swift; path = Style.swift; sourceTree = "<group>"; };
		B1CCC9802BE97EF2009565B4 /* lengendary-potato.app */ = {isa = PBXFileReference; explicitFileType = wrapper.application; includeInIndex = 0; path = "lengendary-potato.app"; sourceTree = BUILT_PRODUCTS_DIR; };
		B1CCC9832BE97EF2009565B4 /* lengendary_potatoApp.swift */ = {isa = PBXFileReference; lastKnownFileType = sourcecode.swift; path = lengendary_potatoApp.swift; sourceTree = "<group>"; };
		B1CCC9852BE97EF2009565B4 /* ContentView.swift */ = {isa = PBXFileReference; lastKnownFileType = sourcecode.swift; path = ContentView.swift; sourceTree = "<group>"; };
		B1CCC9872BE97EF3009565B4 /* Assets.xcassets */ = {isa = PBXFileReference; lastKnownFileType = folder.assetcatalog; path = Assets.xcassets; sourceTree = "<group>"; };
		B1CCC98A2BE97EF3009565B4 /* Preview Assets.xcassets */ = {isa = PBXFileReference; lastKnownFileType = folder.assetcatalog; path = "Preview Assets.xcassets"; sourceTree = "<group>"; };
		B1E17DC92BFEFDA9001E4E58 /* ProfileContributorView.swift */ = {isa = PBXFileReference; lastKnownFileType = sourcecode.swift; path = ProfileContributorView.swift; sourceTree = "<group>"; };
		B1E5CDAC2C0667A4003EBFC5 /* LocationManager.swift */ = {isa = PBXFileReference; lastKnownFileType = sourcecode.swift; path = LocationManager.swift; sourceTree = "<group>"; };
		B1E5CDAE2C06934D003EBFC5 /* AnnotationCreateView.swift */ = {isa = PBXFileReference; lastKnownFileType = sourcecode.swift; path = AnnotationCreateView.swift; sourceTree = "<group>"; };
		B1E5CDB02C0693A1003EBFC5 /* AnnotationViewModel.swift */ = {isa = PBXFileReference; lastKnownFileType = sourcecode.swift; path = AnnotationViewModel.swift; sourceTree = "<group>"; };
/* End PBXFileReference section */

/* Begin PBXFrameworksBuildPhase section */
		B1CCC97D2BE97EF2009565B4 /* Frameworks */ = {
			isa = PBXFrameworksBuildPhase;
			buildActionMask = 2147483647;
			files = (
				B18163E82BF3D85200290A1F /* FirebaseAnalytics in Frameworks */,
				B18163EE2BF3D85200290A1F /* FirebaseStorage in Frameworks */,
				B18163EA2BF3D85200290A1F /* FirebaseAuth in Frameworks */,
				B18163EC2BF3D85200290A1F /* FirebaseFirestore in Frameworks */,
			);
			runOnlyForDeploymentPostprocessing = 0;
		};
/* End PBXFrameworksBuildPhase section */

/* Begin PBXGroup section */
		B18163FB2BF45C8800290A1F /* Contributor */ = {
			isa = PBXGroup;
			children = (
				B18164122BF59A5A00290A1F /* Auth */,
				B18163EF2BF3D8DB00290A1F /* ContributorModel.swift */,
				B18164102BF598C800290A1F /* ContributorViewModel.swift */,
				B181642C2BFC3C1700290A1F /* CreateContributorView.swift */,
				B1E17DC92BFEFDA9001E4E58 /* ProfileContributorView.swift */,
			);
			path = Contributor;
			sourceTree = "<group>";
		};
		B18164022BF584A400290A1F /* Pet */ = {
			isa = PBXGroup;
			children = (
				B18164032BF5868A00290A1F /* PetModel.swift */,
				B18164052BF586AF00290A1F /* PetView.swift */,
				B18164072BF586C400290A1F /* PetViewModel.swift */,
				B18164092BF5892A00290A1F /* Views */,
			);
			path = Pet;
			sourceTree = "<group>";
		};
		B18164092BF5892A00290A1F /* Views */ = {
			isa = PBXGroup;
			children = (
				B181640A2BF58B1600290A1F /* ListPetsView.swift */,
				B181640C2BF58B2F00290A1F /* ShowPetView.swift */,
				B181640E2BF590DF00290A1F /* CreatePetView.swift */,
			);
			path = Views;
			sourceTree = "<group>";
		};
		B18164122BF59A5A00290A1F /* Auth */ = {
			isa = PBXGroup;
			children = (
				B181641C2BF5B19900290A1F /* LoginView.swift */,
				B195D7352C112E2F003D2D34 /* Style.swift */,
				B181641E2BF5B1AC00290A1F /* RegisterView.swift */,
				B18164242BF6DA1900290A1F /* UserAuthModel.swift */,
				B18164222BF5B3C000290A1F /* UserAuthViewModel.swift */,
			);
			path = Auth;
			sourceTree = "<group>";
		};
		B18164132BF59A9500290A1F /* Image */ = {
			isa = PBXGroup;
			children = (
				B18164142BF5AF8600290A1F /* AsyncImageHelper.swift */,
				B18164162BF5AF9C00290A1F /* ImageUploader.swift */,
				B18164182BF5AFB800290A1F /* ImagePicker.swift */,
				B18164282BF793DC00290A1F /* ImageStoreViewModel.swift */,
				B181642A2BF798E000290A1F /* ImageStoreModel.swift */,
			);
			path = Image;
			sourceTree = "<group>";
		};
		B181642E2BFD957100290A1F /* Map */ = {
			isa = PBXGroup;
			children = (
				B1E5CDAC2C0667A4003EBFC5 /* LocationManager.swift */,
				B1E5CDAE2C06934D003EBFC5 /* AnnotationCreateView.swift */,
				B16E1AC82C177EA200C3DD5F /* AnnotationMapView.swift */,
				B16E1AC62C176D9000C3DD5F /* AnnotationListView.swift */,
				B1E5CDB02C0693A1003EBFC5 /* AnnotationViewModel.swift */,
			);
			path = Map;
			sourceTree = "<group>";
		};
		B1CCC9772BE97EF2009565B4 = {
			isa = PBXGroup;
			children = (
				B1CCC9822BE97EF2009565B4 /* lengendary-potato */,
				B1CCC9812BE97EF2009565B4 /* Products */,
			);
			sourceTree = "<group>";
		};
		B1CCC9812BE97EF2009565B4 /* Products */ = {
			isa = PBXGroup;
			children = (
				B1CCC9802BE97EF2009565B4 /* lengendary-potato.app */,
			);
			name = Products;
			sourceTree = "<group>";
		};
		B1CCC9822BE97EF2009565B4 /* lengendary-potato */ = {
			isa = PBXGroup;
			children = (
				B14F53A52C06C3E000A39CCA /* Info.plist */,
				B1CCC9832BE97EF2009565B4 /* lengendary_potatoApp.swift */,
				B18163E42BF3D73F00290A1F /* GoogleService-Info.plist */,
				B1CCC9852BE97EF2009565B4 /* ContentView.swift */,
				B181642E2BFD957100290A1F /* Map */,
				B18164132BF59A9500290A1F /* Image */,
				B18164022BF584A400290A1F /* Pet */,
				B18163FB2BF45C8800290A1F /* Contributor */,
				B18163F72BF4320400290A1F /* PhotoGroupboxStyle.swift */,
				B1CCC9872BE97EF3009565B4 /* Assets.xcassets */,
				B1CCC9892BE97EF3009565B4 /* Preview Content */,
			);
			path = "lengendary-potato";
			sourceTree = "<group>";
		};
		B1CCC9892BE97EF3009565B4 /* Preview Content */ = {
			isa = PBXGroup;
			children = (
				B1CCC98A2BE97EF3009565B4 /* Preview Assets.xcassets */,
			);
			path = "Preview Content";
			sourceTree = "<group>";
		};
/* End PBXGroup section */

/* Begin PBXNativeTarget section */
		B1CCC97F2BE97EF2009565B4 /* lengendary-potato */ = {
			isa = PBXNativeTarget;
			buildConfigurationList = B1CCC98E2BE97EF3009565B4 /* Build configuration list for PBXNativeTarget "lengendary-potato" */;
			buildPhases = (
				B1CCC97C2BE97EF2009565B4 /* Sources */,
				B1CCC97D2BE97EF2009565B4 /* Frameworks */,
				B1CCC97E2BE97EF2009565B4 /* Resources */,
			);
			buildRules = (
			);
			dependencies = (
			);
			name = "lengendary-potato";
			packageProductDependencies = (
				B18163E72BF3D85200290A1F /* FirebaseAnalytics */,
				B18163E92BF3D85200290A1F /* FirebaseAuth */,
				B18163EB2BF3D85200290A1F /* FirebaseFirestore */,
				B18163ED2BF3D85200290A1F /* FirebaseStorage */,
			);
			productName = "lengendary-potato";
			productReference = B1CCC9802BE97EF2009565B4 /* lengendary-potato.app */;
			productType = "com.apple.product-type.application";
		};
/* End PBXNativeTarget section */

/* Begin PBXProject section */
		B1CCC9782BE97EF2009565B4 /* Project object */ = {
			isa = PBXProject;
			attributes = {
				BuildIndependentTargetsInParallel = 1;
				LastSwiftUpdateCheck = 1530;
				LastUpgradeCheck = 1530;
				TargetAttributes = {
					B1CCC97F2BE97EF2009565B4 = {
						CreatedOnToolsVersion = 15.3;
					};
				};
			};
			buildConfigurationList = B1CCC97B2BE97EF2009565B4 /* Build configuration list for PBXProject "lengendary-potato" */;
			compatibilityVersion = "Xcode 14.0";
			developmentRegion = en;
			hasScannedForEncodings = 0;
			knownRegions = (
				en,
				Base,
			);
			mainGroup = B1CCC9772BE97EF2009565B4;
			packageReferences = (
				B18163E62BF3D85200290A1F /* XCRemoteSwiftPackageReference "firebase-ios-sdk" */,
			);
			productRefGroup = B1CCC9812BE97EF2009565B4 /* Products */;
			projectDirPath = "";
			projectRoot = "";
			targets = (
				B1CCC97F2BE97EF2009565B4 /* lengendary-potato */,
			);
		};
/* End PBXProject section */

/* Begin PBXResourcesBuildPhase section */
		B1CCC97E2BE97EF2009565B4 /* Resources */ = {
			isa = PBXResourcesBuildPhase;
			buildActionMask = 2147483647;
			files = (
				B1CCC98B2BE97EF3009565B4 /* Preview Assets.xcassets in Resources */,
				B1CCC9882BE97EF3009565B4 /* Assets.xcassets in Resources */,
				B18163E52BF3D73F00290A1F /* GoogleService-Info.plist in Resources */,
			);
			runOnlyForDeploymentPostprocessing = 0;
		};
/* End PBXResourcesBuildPhase section */

/* Begin PBXSourcesBuildPhase section */
		B1CCC97C2BE97EF2009565B4 /* Sources */ = {
			isa = PBXSourcesBuildPhase;
			buildActionMask = 2147483647;
			files = (
				B181640B2BF58B1600290A1F /* ListPetsView.swift in Sources */,
				B1E5CDAF2C06934D003EBFC5 /* AnnotationCreateView.swift in Sources */,
				B16E1AC92C177EA200C3DD5F /* AnnotationMapView.swift in Sources */,
				B181641F2BF5B1AC00290A1F /* RegisterView.swift in Sources */,
				B18164292BF793DC00290A1F /* ImageStoreViewModel.swift in Sources */,
				B18164172BF5AF9C00290A1F /* ImageUploader.swift in Sources */,
				B181642B2BF798E000290A1F /* ImageStoreModel.swift in Sources */,
				B18164192BF5AFB800290A1F /* ImagePicker.swift in Sources */,
				B16E1AC72C176D9000C3DD5F /* AnnotationListView.swift in Sources */,
				B195D7362C112E2F003D2D34 /* Style.swift in Sources */,
				B1E5CDB12C0693A1003EBFC5 /* AnnotationViewModel.swift in Sources */,
				B18164152BF5AF8600290A1F /* AsyncImageHelper.swift in Sources */,
				B181640D2BF58B2F00290A1F /* ShowPetView.swift in Sources */,
				B1CCC9862BE97EF2009565B4 /* ContentView.swift in Sources */,
				B18164232BF5B3C000290A1F /* UserAuthViewModel.swift in Sources */,
				B18164112BF598C800290A1F /* ContributorViewModel.swift in Sources */,
				B1E5CDAD2C0667A4003EBFC5 /* LocationManager.swift in Sources */,
				B18163F82BF4320400290A1F /* PhotoGroupboxStyle.swift in Sources */,
				B1E17DCA2BFEFDA9001E4E58 /* ProfileContributorView.swift in Sources */,
				B181640F2BF590DF00290A1F /* CreatePetView.swift in Sources */,
				B18164082BF586C400290A1F /* PetViewModel.swift in Sources */,
				B18164062BF586AF00290A1F /* PetView.swift in Sources */,
				B18163F02BF3D8DB00290A1F /* ContributorModel.swift in Sources */,
				B18164042BF5868A00290A1F /* PetModel.swift in Sources */,
				B1CCC9842BE97EF2009565B4 /* lengendary_potatoApp.swift in Sources */,
				B181641D2BF5B19900290A1F /* LoginView.swift in Sources */,
				B18164252BF6DA1900290A1F /* UserAuthModel.swift in Sources */,
				B181642D2BFC3C1700290A1F /* CreateContributorView.swift in Sources */,
			);
			runOnlyForDeploymentPostprocessing = 0;
		};
/* End PBXSourcesBuildPhase section */

/* Begin XCBuildConfiguration section */
		B1CCC98C2BE97EF3009565B4 /* Debug */ = {
			isa = XCBuildConfiguration;
			buildSettings = {
				ALWAYS_SEARCH_USER_PATHS = NO;
				ASSETCATALOG_COMPILER_GENERATE_SWIFT_ASSET_SYMBOL_EXTENSIONS = YES;
				CLANG_ANALYZER_NONNULL = YES;
				CLANG_ANALYZER_NUMBER_OBJECT_CONVERSION = YES_AGGRESSIVE;
				CLANG_CXX_LANGUAGE_STANDARD = "gnu++20";
				CLANG_ENABLE_MODULES = YES;
				CLANG_ENABLE_OBJC_ARC = YES;
				CLANG_ENABLE_OBJC_WEAK = YES;
				CLANG_WARN_BLOCK_CAPTURE_AUTORELEASING = YES;
				CLANG_WARN_BOOL_CONVERSION = YES;
				CLANG_WARN_COMMA = YES;
				CLANG_WARN_CONSTANT_CONVERSION = YES;
				CLANG_WARN_DEPRECATED_OBJC_IMPLEMENTATIONS = YES;
				CLANG_WARN_DIRECT_OBJC_ISA_USAGE = YES_ERROR;
				CLANG_WARN_DOCUMENTATION_COMMENTS = YES;
				CLANG_WARN_EMPTY_BODY = YES;
				CLANG_WARN_ENUM_CONVERSION = YES;
				CLANG_WARN_INFINITE_RECURSION = YES;
				CLANG_WARN_INT_CONVERSION = YES;
				CLANG_WARN_NON_LITERAL_NULL_CONVERSION = YES;
				CLANG_WARN_OBJC_IMPLICIT_RETAIN_SELF = YES;
				CLANG_WARN_OBJC_LITERAL_CONVERSION = YES;
				CLANG_WARN_OBJC_ROOT_CLASS = YES_ERROR;
				CLANG_WARN_QUOTED_INCLUDE_IN_FRAMEWORK_HEADER = YES;
				CLANG_WARN_RANGE_LOOP_ANALYSIS = YES;
				CLANG_WARN_STRICT_PROTOTYPES = YES;
				CLANG_WARN_SUSPICIOUS_MOVE = YES;
				CLANG_WARN_UNGUARDED_AVAILABILITY = YES_AGGRESSIVE;
				CLANG_WARN_UNREACHABLE_CODE = YES;
				CLANG_WARN__DUPLICATE_METHOD_MATCH = YES;
				COPY_PHASE_STRIP = NO;
				DEBUG_INFORMATION_FORMAT = dwarf;
				ENABLE_STRICT_OBJC_MSGSEND = YES;
				ENABLE_TESTABILITY = YES;
				ENABLE_USER_SCRIPT_SANDBOXING = YES;
				GCC_C_LANGUAGE_STANDARD = gnu17;
				GCC_DYNAMIC_NO_PIC = NO;
				GCC_NO_COMMON_BLOCKS = YES;
				GCC_OPTIMIZATION_LEVEL = 0;
				GCC_PREPROCESSOR_DEFINITIONS = (
					"DEBUG=1",
					"$(inherited)",
				);
				GCC_WARN_64_TO_32_BIT_CONVERSION = YES;
				GCC_WARN_ABOUT_RETURN_TYPE = YES_ERROR;
				GCC_WARN_UNDECLARED_SELECTOR = YES;
				GCC_WARN_UNINITIALIZED_AUTOS = YES_AGGRESSIVE;
				GCC_WARN_UNUSED_FUNCTION = YES;
				GCC_WARN_UNUSED_VARIABLE = YES;
				IPHONEOS_DEPLOYMENT_TARGET = 17.4;
				LOCALIZATION_PREFERS_STRING_CATALOGS = YES;
				MTL_ENABLE_DEBUG_INFO = INCLUDE_SOURCE;
				MTL_FAST_MATH = YES;
				ONLY_ACTIVE_ARCH = YES;
				SDKROOT = iphoneos;
				SWIFT_ACTIVE_COMPILATION_CONDITIONS = "DEBUG $(inherited)";
				SWIFT_OPTIMIZATION_LEVEL = "-Onone";
			};
			name = Debug;
		};
		B1CCC98D2BE97EF3009565B4 /* Release */ = {
			isa = XCBuildConfiguration;
			buildSettings = {
				ALWAYS_SEARCH_USER_PATHS = NO;
				ASSETCATALOG_COMPILER_GENERATE_SWIFT_ASSET_SYMBOL_EXTENSIONS = YES;
				CLANG_ANALYZER_NONNULL = YES;
				CLANG_ANALYZER_NUMBER_OBJECT_CONVERSION = YES_AGGRESSIVE;
				CLANG_CXX_LANGUAGE_STANDARD = "gnu++20";
				CLANG_ENABLE_MODULES = YES;
				CLANG_ENABLE_OBJC_ARC = YES;
				CLANG_ENABLE_OBJC_WEAK = YES;
				CLANG_WARN_BLOCK_CAPTURE_AUTORELEASING = YES;
				CLANG_WARN_BOOL_CONVERSION = YES;
				CLANG_WARN_COMMA = YES;
				CLANG_WARN_CONSTANT_CONVERSION = YES;
				CLANG_WARN_DEPRECATED_OBJC_IMPLEMENTATIONS = YES;
				CLANG_WARN_DIRECT_OBJC_ISA_USAGE = YES_ERROR;
				CLANG_WARN_DOCUMENTATION_COMMENTS = YES;
				CLANG_WARN_EMPTY_BODY = YES;
				CLANG_WARN_ENUM_CONVERSION = YES;
				CLANG_WARN_INFINITE_RECURSION = YES;
				CLANG_WARN_INT_CONVERSION = YES;
				CLANG_WARN_NON_LITERAL_NULL_CONVERSION = YES;
				CLANG_WARN_OBJC_IMPLICIT_RETAIN_SELF = YES;
				CLANG_WARN_OBJC_LITERAL_CONVERSION = YES;
				CLANG_WARN_OBJC_ROOT_CLASS = YES_ERROR;
				CLANG_WARN_QUOTED_INCLUDE_IN_FRAMEWORK_HEADER = YES;
				CLANG_WARN_RANGE_LOOP_ANALYSIS = YES;
				CLANG_WARN_STRICT_PROTOTYPES = YES;
				CLANG_WARN_SUSPICIOUS_MOVE = YES;
				CLANG_WARN_UNGUARDED_AVAILABILITY = YES_AGGRESSIVE;
				CLANG_WARN_UNREACHABLE_CODE = YES;
				CLANG_WARN__DUPLICATE_METHOD_MATCH = YES;
				COPY_PHASE_STRIP = NO;
				DEBUG_INFORMATION_FORMAT = "dwarf-with-dsym";
				ENABLE_NS_ASSERTIONS = NO;
				ENABLE_STRICT_OBJC_MSGSEND = YES;
				ENABLE_USER_SCRIPT_SANDBOXING = YES;
				GCC_C_LANGUAGE_STANDARD = gnu17;
				GCC_NO_COMMON_BLOCKS = YES;
				GCC_WARN_64_TO_32_BIT_CONVERSION = YES;
				GCC_WARN_ABOUT_RETURN_TYPE = YES_ERROR;
				GCC_WARN_UNDECLARED_SELECTOR = YES;
				GCC_WARN_UNINITIALIZED_AUTOS = YES_AGGRESSIVE;
				GCC_WARN_UNUSED_FUNCTION = YES;
				GCC_WARN_UNUSED_VARIABLE = YES;
				IPHONEOS_DEPLOYMENT_TARGET = 17.4;
				LOCALIZATION_PREFERS_STRING_CATALOGS = YES;
				MTL_ENABLE_DEBUG_INFO = NO;
				MTL_FAST_MATH = YES;
				SDKROOT = iphoneos;
				SWIFT_COMPILATION_MODE = wholemodule;
				VALIDATE_PRODUCT = YES;
			};
			name = Release;
		};
		B1CCC98F2BE97EF3009565B4 /* Debug */ = {
			isa = XCBuildConfiguration;
			buildSettings = {
				ASSETCATALOG_COMPILER_APPICON_NAME = AppIcon;
				ASSETCATALOG_COMPILER_GLOBAL_ACCENT_COLOR_NAME = AccentColor;
				CODE_SIGN_STYLE = Automatic;
				CURRENT_PROJECT_VERSION = 1;
				DEVELOPMENT_ASSET_PATHS = "\"lengendary-potato/Preview Content\"";
				DEVELOPMENT_TEAM = 6W56PZLJZG;
				ENABLE_PREVIEWS = YES;
				GENERATE_INFOPLIST_FILE = YES;
				INFOPLIST_FILE = "lengendary-potato/Info.plist";
				INFOPLIST_KEY_NSLocationWhenInUseUsageDescription = "Location required to find dogs!";
				INFOPLIST_KEY_UIApplicationSceneManifest_Generation = YES;
				INFOPLIST_KEY_UIApplicationSupportsIndirectInputEvents = YES;
				INFOPLIST_KEY_UILaunchScreen_Generation = YES;
				INFOPLIST_KEY_UISupportedInterfaceOrientations_iPad = "UIInterfaceOrientationPortrait UIInterfaceOrientationPortraitUpsideDown UIInterfaceOrientationLandscapeLeft UIInterfaceOrientationLandscapeRight";
				INFOPLIST_KEY_UISupportedInterfaceOrientations_iPhone = "UIInterfaceOrientationPortrait UIInterfaceOrientationLandscapeLeft UIInterfaceOrientationLandscapeRight";
				LD_RUNPATH_SEARCH_PATHS = (
					"$(inherited)",
					"@executable_path/Frameworks",
				);
				MARKETING_VERSION = 1.0;
				PRODUCT_BUNDLE_IDENTIFIER = "com.pjb.den.lengendary-potato";
				PRODUCT_NAME = "$(TARGET_NAME)";
				SWIFT_EMIT_LOC_STRINGS = YES;
				SWIFT_VERSION = 5.0;
				TARGETED_DEVICE_FAMILY = "1,2";
			};
			name = Debug;
		};
		B1CCC9902BE97EF3009565B4 /* Release */ = {
			isa = XCBuildConfiguration;
			buildSettings = {
				ASSETCATALOG_COMPILER_APPICON_NAME = AppIcon;
				ASSETCATALOG_COMPILER_GLOBAL_ACCENT_COLOR_NAME = AccentColor;
				CODE_SIGN_STYLE = Automatic;
				CURRENT_PROJECT_VERSION = 1;
				DEVELOPMENT_ASSET_PATHS = "\"lengendary-potato/Preview Content\"";
				DEVELOPMENT_TEAM = 6W56PZLJZG;
				ENABLE_PREVIEWS = YES;
				GENERATE_INFOPLIST_FILE = YES;
				INFOPLIST_FILE = "lengendary-potato/Info.plist";
				INFOPLIST_KEY_NSLocationWhenInUseUsageDescription = "Location required to find dogs!";
				INFOPLIST_KEY_UIApplicationSceneManifest_Generation = YES;
				INFOPLIST_KEY_UIApplicationSupportsIndirectInputEvents = YES;
				INFOPLIST_KEY_UILaunchScreen_Generation = YES;
				INFOPLIST_KEY_UISupportedInterfaceOrientations_iPad = "UIInterfaceOrientationPortrait UIInterfaceOrientationPortraitUpsideDown UIInterfaceOrientationLandscapeLeft UIInterfaceOrientationLandscapeRight";
				INFOPLIST_KEY_UISupportedInterfaceOrientations_iPhone = "UIInterfaceOrientationPortrait UIInterfaceOrientationLandscapeLeft UIInterfaceOrientationLandscapeRight";
				LD_RUNPATH_SEARCH_PATHS = (
					"$(inherited)",
					"@executable_path/Frameworks",
				);
				MARKETING_VERSION = 1.0;
				PRODUCT_BUNDLE_IDENTIFIER = "com.pjb.den.lengendary-potato";
				PRODUCT_NAME = "$(TARGET_NAME)";
				SWIFT_EMIT_LOC_STRINGS = YES;
				SWIFT_VERSION = 5.0;
				TARGETED_DEVICE_FAMILY = "1,2";
			};
			name = Release;
		};
/* End XCBuildConfiguration section */

/* Begin XCConfigurationList section */
		B1CCC97B2BE97EF2009565B4 /* Build configuration list for PBXProject "lengendary-potato" */ = {
			isa = XCConfigurationList;
			buildConfigurations = (
				B1CCC98C2BE97EF3009565B4 /* Debug */,
				B1CCC98D2BE97EF3009565B4 /* Release */,
			);
			defaultConfigurationIsVisible = 0;
			defaultConfigurationName = Release;
		};
		B1CCC98E2BE97EF3009565B4 /* Build configuration list for PBXNativeTarget "lengendary-potato" */ = {
			isa = XCConfigurationList;
			buildConfigurations = (
				B1CCC98F2BE97EF3009565B4 /* Debug */,
				B1CCC9902BE97EF3009565B4 /* Release */,
			);
			defaultConfigurationIsVisible = 0;
			defaultConfigurationName = Release;
		};
/* End XCConfigurationList section */

/* Begin XCRemoteSwiftPackageReference section */
		B18163E62BF3D85200290A1F /* XCRemoteSwiftPackageReference "firebase-ios-sdk" */ = {
			isa = XCRemoteSwiftPackageReference;
			repositoryURL = "https://github.com/firebase/firebase-ios-sdk";
			requirement = {
				kind = upToNextMajorVersion;
				minimumVersion = 10.26.0;
			};
		};
/* End XCRemoteSwiftPackageReference section */

/* Begin XCSwiftPackageProductDependency section */
		B18163E72BF3D85200290A1F /* FirebaseAnalytics */ = {
			isa = XCSwiftPackageProductDependency;
			package = B18163E62BF3D85200290A1F /* XCRemoteSwiftPackageReference "firebase-ios-sdk" */;
			productName = FirebaseAnalytics;
		};
		B18163E92BF3D85200290A1F /* FirebaseAuth */ = {
			isa = XCSwiftPackageProductDependency;
			package = B18163E62BF3D85200290A1F /* XCRemoteSwiftPackageReference "firebase-ios-sdk" */;
			productName = FirebaseAuth;
		};
		B18163EB2BF3D85200290A1F /* FirebaseFirestore */ = {
			isa = XCSwiftPackageProductDependency;
			package = B18163E62BF3D85200290A1F /* XCRemoteSwiftPackageReference "firebase-ios-sdk" */;
			productName = FirebaseFirestore;
		};
		B18163ED2BF3D85200290A1F /* FirebaseStorage */ = {
			isa = XCSwiftPackageProductDependency;
			package = B18163E62BF3D85200290A1F /* XCRemoteSwiftPackageReference "firebase-ios-sdk" */;
			productName = FirebaseStorage;
		};
/* End XCSwiftPackageProductDependency section */
	};
	rootObject = B1CCC9782BE97EF2009565B4 /* Project object */;
}
